
Microsoft Visual Studio Solution File, Format Version 12.00
# Visual Studio Version 16
VisualStudioVersion = 16.0.29519.87
MinimumVisualStudioVersion = 10.0.40219.1
Project("{FAE04EC0-301F-11D3-BF4B-00C04F79EFBC}") = "SixQuestionsDandA", "SixQuestionsDandA\SixQuestionsDandA.csproj", "{74DFA256-B375-424D-AB33-9B4237BC6BE5}"
EndProject
Project("{FAE04EC0-301F-11D3-BF4B-00C04F79EFBC}") = "XUnitDay1", "XUnitDay1\XUnitDay1.csproj", "{EE884C76-13EB-4800-B671-95EBD58BC387}"
EndProject
Global
	GlobalSection(SolutionConfigurationPlatforms) = preSolution
		Debug|Any CPU = Debug|Any CPU
		Release|Any CPU = Release|Any CPU
	EndGlobalSection
	GlobalSection(ProjectConfigurationPlatforms) = postSolution
		{74DFA256-B375-424D-AB33-9B4237BC6BE5}.Debug|Any CPU.ActiveCfg = Debug|Any CPU
		{74DFA256-B375-424D-AB33-9B4237BC6BE5}.Debug|Any CPU.Build.0 = Debug|Any CPU
		{74DFA256-B375-424D-AB33-9B4237BC6BE5}.Release|Any CPU.ActiveCfg = Release|Any CPU
		{74DFA256-B375-424D-AB33-9B4237BC6BE5}.Release|Any CPU.Build.0 = Release|Any CPU
		{EE884C76-13EB-4800-B671-95EBD58BC387}.Debug|Any CPU.ActiveCfg = Debug|Any CPU
		{EE884C76-13EB-4800-B671-95EBD58BC387}.Debug|Any CPU.Build.0 = Debug|Any CPU
		{EE884C76-13EB-4800-B671-95EBD58BC387}.Release|Any CPU.ActiveCfg = Release|Any CPU
		{EE884C76-13EB-4800-B671-95EBD58BC387}.Release|Any CPU.Build.0 = Release|Any CPU
	EndGlobalSection
	GlobalSection(SolutionProperties) = preSolution
		HideSolutionNode = FALSE
	EndGlobalSection
	GlobalSection(ExtensibilityGlobals) = postSolution
		SolutionGuid = {C8959D8E-D801-4406-977E-5F06E6FF3976}
	EndGlobalSection
EndGlobal
